<?xml version="1.0" encoding="utf-8"?>
<Project ToolsVersion="4.0" xmlns="http://schemas.microsoft.com/developer/msbuild/2003">
  <ItemGroup>
    <Filter Include="Dependencies">
      <UniqueIdentifier>{106df646-e69f-4ff2-bb0f-1bfe32898d33}</UniqueIdentifier>
    </Filter>
    <Filter Include="jmath">
      <UniqueIdentifier>{f172ba53-eb34-4d98-a812-5182b6c0a907}</UniqueIdentifier>
    </Filter>
    <Filter Include="Model">
      <UniqueIdentifier>{05c11604-b62f-4d0b-8847-8e55b829a367}</UniqueIdentifier>
    </Filter>
    <Filter Include="Render">
      <UniqueIdentifier>{f6cb9e9c-1e40-4f0f-8e0d-73c074f742da}</UniqueIdentifier>
    </Filter>
    <Filter Include="Utility">
      <UniqueIdentifier>{95ccac4c-ef1c-4999-9f76-bca4df167ef0}</UniqueIdentifier>
    </Filter>
    <Filter Include="Dependencies\stb">
      <UniqueIdentifier>{76e3561e-1352-476e-9792-953edf828831}</UniqueIdentifier>
    </Filter>
  </ItemGroup>
  <ItemGroup>
    <ClCompile Include="Model.cpp">
      <Filter>Model</Filter>
    </ClCompile>
    <ClCompile Include="DepthBuffer.cpp">
      <Filter>Render</Filter>
    </ClCompile>
    <ClCompile Include="RenderBuffer.cpp">
      <Filter>Render</Filter>
    </ClCompile>
    <ClCompile Include="Screen.cpp" />
    <ClCompile Include="Texture.cpp" />
    <ClCompile Include="TextureSampler.cpp" />
    <ClCompile Include="Timer.cpp">
      <Filter>Utility</Filter>
    </ClCompile>
    <ClCompile Include="Rasterizer.cpp" />
    <ClCompile Include="Node.cpp">
      <Filter>Model</Filter>
    </ClCompile>
    <ClCompile Include="Group.cpp">
      <Filter>Model</Filter>
    </ClCompile>
    <ClCompile Include="Geometry.cpp">
      <Filter>Model</Filter>
    </ClCompile>
    <ClCompile Include="Transform.cpp" />
    <ClCompile Include="Filename.cpp">
      <Filter>Utility</Filter>
    </ClCompile>
  </ItemGroup>
  <ItemGroup>
    <ClInclude Include="..\jmath\boundingbox.h">
      <Filter>jmath</Filter>
    </ClInclude>
    <ClInclude Include="..\jmath\jmath.h">
      <Filter>jmath</Filter>
    </ClInclude>
    <ClInclude Include="..\jmath\matrix2x2.h">
      <Filter>jmath</Filter>
    </ClInclude>
    <ClInclude Include="..\jmath\matrix3x3.h">
      <Filter>jmath</Filter>
    </ClInclude>
    <ClInclude Include="..\jmath\matrix4x4.h">
      <Filter>jmath</Filter>
    </ClInclude>
    <ClInclude Include="..\jmath\vector2.h">
      <Filter>jmath</Filter>
    </ClInclude>
    <ClInclude Include="..\jmath\vector3.h">
      <Filter>jmath</Filter>
    </ClInclude>
    <ClInclude Include="..\jmath\vector4.h">
      <Filter>jmath</Filter>
    </ClInclude>
    <ClInclude Include="..\stb\stb_image.h">
      <Filter>Dependencies\stb</Filter>
    </ClInclude>
    <ClInclude Include="..\stb\stb_image_write.h">
      <Filter>Dependencies\stb</Filter>
    </ClInclude>
    <ClInclude Include="Model.h">
      <Filter>Model</Filter>
    </ClInclude>
    <ClInclude Include="triangle.h">
      <Filter>Model</Filter>
    </ClInclude>
    <ClInclude Include="vertex.h">
      <Filter>Model</Filter>
    </ClInclude>
    <ClInclude Include="DepthBuffer.h">
      <Filter>Render</Filter>
    </ClInclude>
    <ClInclude Include="RenderBuffer.h">
      <Filter>Render</Filter>
    </ClInclude>
    <ClInclude Include="color.h" />
    <ClInclude Include="Screen.h" />
    <ClInclude Include="Texture.h" />
    <ClInclude Include="TextureSampler.h" />
    <ClInclude Include="Timer.h">
      <Filter>Utility</Filter>
    </ClInclude>
    <ClInclude Include="Rasterizer.h" />
    <ClInclude Include="Node.h">
      <Filter>Model</Filter>
    </ClInclude>
    <ClInclude Include="Group.h">
      <Filter>Model</Filter>
    </ClInclude>
    <ClInclude Include="Geometry.h">
      <Filter>Model</Filter>
    </ClInclude>
    <ClInclude Include="Transform.h" />
    <ClInclude Include="tiny_obj_loader.h">
      <Filter>Dependencies</Filter>
    </ClInclude>
    <ClInclude Include="Filename.h">
      <Filter>Utility</Filter>
    </ClInclude>
  </ItemGroup>
</Project>